
Microsoft Visual Studio Solution File, Format Version 12.00
# Visual Studio Version 17
VisualStudioVersion = 17.8.34330.188
MinimumVisualStudioVersion = 10.0.40219.1
Project("{2150E333-8FDC-42A3-9474-1A3956D46DE8}") = "2-Application", "2-Application", "{A8A049E5-2BBA-43C4-B530-4E4C47913CF9}"
EndProject
Project("{2150E333-8FDC-42A3-9474-1A3956D46DE8}") = "1-Core", "1-Core", "{A8DD77C3-BFDF-4E0A-BACD-1648A1F929B3}"
EndProject
Project("{2150E333-8FDC-42A3-9474-1A3956D46DE8}") = "3-Presentation", "3-Presentation", "{C09D1205-6EEB-45EA-8A9B-BE5FA1F8B081}"
EndProject
Project("{9A19103F-16F7-4668-BE54-9A1E7A4F7556}") = "DaySpaPet.WebApi.Api", "DaySpaPet.WebApi.Api\DaySpaPet.WebApi.Api.csproj", "{BDE7A6B3-D5D7-4262-8C68-88C3E0493116}"
EndProject
Project("{9A19103F-16F7-4668-BE54-9A1E7A4F7556}") = "DaySpaPet.WebApi.Core", "DaySpaPet.WebApi.Core\DaySpaPet.WebApi.Core.csproj", "{9722B072-30C7-4BB7-AEA4-166266CA3E18}"
EndProject
Project("{9A19103F-16F7-4668-BE54-9A1E7A4F7556}") = "DaySpaPet.WebApi.UseCases", "DaySpaPet.WebApi.UseCases\DaySpaPet.WebApi.UseCases.csproj", "{C7C6A702-AED0-4DA2-A580-B45714DF968C}"
EndProject
Project("{9A19103F-16F7-4668-BE54-9A1E7A4F7556}") = "DaySpaPet.WebApi.Infrastructure", "DaySpaPet.WebApi.Infrastructure\DaySpaPet.WebApi.Infrastructure.csproj", "{678C6B39-D6ED-4778-8F2B-11FF95144E18}"
EndProject
Project("{2150E333-8FDC-42A3-9474-1A3956D46DE8}") = "0-Solution Items", "0-Solution Items", "{65BFDAA6-2C78-4A47-ACF4-F5B801ACBFAD}"
	ProjectSection(SolutionItems) = preProject
		.dockerignore = .dockerignore
		docker-compose.yml = docker-compose.yml
		Dockerfile = Dockerfile
	EndProjectSection
EndProject
Project("{9A19103F-16F7-4668-BE54-9A1E7A4F7556}") = "DaySpaPet.WebApi.SharedKernel", "DaySpaPet.WebApi.SharedKernel\DaySpaPet.WebApi.SharedKernel.csproj", "{33C4EAE0-5C63-4382-B7CD-473C5AD95930}"
EndProject
Project("{2150E333-8FDC-42A3-9474-1A3956D46DE8}") = "0-Global", "0-Global", "{9D184D86-FB82-4FB3-B99F-74A9E72F06F3}"
	ProjectSection(SolutionItems) = preProject
		..\.dockerignore = ..\.dockerignore
		..\.editorconfig = ..\.editorconfig
		..\.gitattributes = ..\.gitattributes
		..\.gitignore = ..\.gitignore
		..\.globalconfig = ..\.globalconfig
		..\CodeMetricsConfig.txt = ..\CodeMetricsConfig.txt
		..\Directory.Build.props = ..\Directory.Build.props
		..\Directory.Build.targets = ..\Directory.Build.targets
		..\Directory.Packages.props = ..\Directory.Packages.props
		..\docker-compose.yml = ..\docker-compose.yml
		Dockerfile = Dockerfile
		..\dotnet-clean-sln.bat = ..\dotnet-clean-sln.bat
		..\dotnet-restore-sln.bat = ..\dotnet-restore-sln.bat
		..\dotnet-workload-restore.bat = ..\dotnet-workload-restore.bat
		..\global.json = ..\global.json
		..\LICENSE.md = ..\LICENSE.md
		..\README.md = ..\README.md
		..\update-nuget-dependencies.ps1 = ..\update-nuget-dependencies.ps1
	EndProjectSection
EndProject
Project("{2150E333-8FDC-42A3-9474-1A3956D46DE8}") = "0-Scripts", "0-Scripts", "{342EFBAC-3AFF-47DE-849B-136FE38E3264}"
	ProjectSection(SolutionItems) = preProject
		update-nuget-dependencies.ps1 = update-nuget-dependencies.ps1
	EndProjectSection
EndProject
Project("{FAE04EC0-301F-11D3-BF4B-00C04F79EFBC}") = "DaySpaPet.WebApi.AppHost", "DaySpaPet.WebApi.AppHost\DaySpaPet.WebApi.AppHost.csproj", "{C0A1139D-9728-42B0-8A0A-A4D761B79ADA}"
EndProject
Project("{9A19103F-16F7-4668-BE54-9A1E7A4F7556}") = "DaySpaPet.WebApi.ServiceDefaults", "DaySpaPet.WebApi.ServiceDefaults\DaySpaPet.WebApi.ServiceDefaults.csproj", "{D20D27F6-159C-4784-8345-C64379673F47}"
EndProject
Global
	GlobalSection(SolutionConfigurationPlatforms) = preSolution
		Debug|Any CPU = Debug|Any CPU
		Release|Any CPU = Release|Any CPU
	EndGlobalSection
	GlobalSection(ProjectConfigurationPlatforms) = postSolution
		{BDE7A6B3-D5D7-4262-8C68-88C3E0493116}.Debug|Any CPU.ActiveCfg = Debug|Any CPU
		{BDE7A6B3-D5D7-4262-8C68-88C3E0493116}.Debug|Any CPU.Build.0 = Debug|Any CPU
		{BDE7A6B3-D5D7-4262-8C68-88C3E0493116}.Release|Any CPU.ActiveCfg = Release|Any CPU
		{BDE7A6B3-D5D7-4262-8C68-88C3E0493116}.Release|Any CPU.Build.0 = Release|Any CPU
		{9722B072-30C7-4BB7-AEA4-166266CA3E18}.Debug|Any CPU.ActiveCfg = Debug|Any CPU
		{9722B072-30C7-4BB7-AEA4-166266CA3E18}.Debug|Any CPU.Build.0 = Debug|Any CPU
		{9722B072-30C7-4BB7-AEA4-166266CA3E18}.Release|Any CPU.ActiveCfg = Release|Any CPU
		{9722B072-30C7-4BB7-AEA4-166266CA3E18}.Release|Any CPU.Build.0 = Release|Any CPU
		{C7C6A702-AED0-4DA2-A580-B45714DF968C}.Debug|Any CPU.ActiveCfg = Debug|Any CPU
		{C7C6A702-AED0-4DA2-A580-B45714DF968C}.Debug|Any CPU.Build.0 = Debug|Any CPU
		{C7C6A702-AED0-4DA2-A580-B45714DF968C}.Release|Any CPU.ActiveCfg = Release|Any CPU
		{C7C6A702-AED0-4DA2-A580-B45714DF968C}.Release|Any CPU.Build.0 = Release|Any CPU
		{678C6B39-D6ED-4778-8F2B-11FF95144E18}.Debug|Any CPU.ActiveCfg = Debug|Any CPU
		{678C6B39-D6ED-4778-8F2B-11FF95144E18}.Debug|Any CPU.Build.0 = Debug|Any CPU
		{678C6B39-D6ED-4778-8F2B-11FF95144E18}.Release|Any CPU.ActiveCfg = Release|Any CPU
		{678C6B39-D6ED-4778-8F2B-11FF95144E18}.Release|Any CPU.Build.0 = Release|Any CPU
		{33C4EAE0-5C63-4382-B7CD-473C5AD95930}.Debug|Any CPU.ActiveCfg = Debug|Any CPU
		{33C4EAE0-5C63-4382-B7CD-473C5AD95930}.Debug|Any CPU.Build.0 = Debug|Any CPU
		{33C4EAE0-5C63-4382-B7CD-473C5AD95930}.Release|Any CPU.ActiveCfg = Release|Any CPU
		{33C4EAE0-5C63-4382-B7CD-473C5AD95930}.Release|Any CPU.Build.0 = Release|Any CPU
		{C0A1139D-9728-42B0-8A0A-A4D761B79ADA}.Debug|Any CPU.ActiveCfg = Debug|Any CPU
		{C0A1139D-9728-42B0-8A0A-A4D761B79ADA}.Debug|Any CPU.Build.0 = Debug|Any CPU
		{C0A1139D-9728-42B0-8A0A-A4D761B79ADA}.Release|Any CPU.ActiveCfg = Release|Any CPU
		{C0A1139D-9728-42B0-8A0A-A4D761B79ADA}.Release|Any CPU.Build.0 = Release|Any CPU
		{D20D27F6-159C-4784-8345-C64379673F47}.Debug|Any CPU.ActiveCfg = Debug|Any CPU
		{D20D27F6-159C-4784-8345-C64379673F47}.Debug|Any CPU.Build.0 = Debug|Any CPU
		{D20D27F6-159C-4784-8345-C64379673F47}.Release|Any CPU.ActiveCfg = Release|Any CPU
		{D20D27F6-159C-4784-8345-C64379673F47}.Release|Any CPU.Build.0 = Release|Any CPU
	EndGlobalSection
	GlobalSection(SolutionProperties) = preSolution
		HideSolutionNode = FALSE
	EndGlobalSection
	GlobalSection(NestedProjects) = preSolution
		{BDE7A6B3-D5D7-4262-8C68-88C3E0493116} = {C09D1205-6EEB-45EA-8A9B-BE5FA1F8B081}
		{9722B072-30C7-4BB7-AEA4-166266CA3E18} = {A8DD77C3-BFDF-4E0A-BACD-1648A1F929B3}
		{C7C6A702-AED0-4DA2-A580-B45714DF968C} = {A8DD77C3-BFDF-4E0A-BACD-1648A1F929B3}
		{678C6B39-D6ED-4778-8F2B-11FF95144E18} = {A8A049E5-2BBA-43C4-B530-4E4C47913CF9}
		{33C4EAE0-5C63-4382-B7CD-473C5AD95930} = {A8DD77C3-BFDF-4E0A-BACD-1648A1F929B3}
	EndGlobalSection
	GlobalSection(ExtensibilityGlobals) = postSolution
		SolutionGuid = {29A69E5E-7A0C-44EB-96A5-0988DECFB154}
	EndGlobalSection
EndGlobal
